
Microsoft Visual Studio Solution File, Format Version 12.00
# Visual Studio Version 17
VisualStudioVersion = 17.11.35208.52
MinimumVisualStudioVersion = 10.0.40219.1
Project("{FAE04EC0-301F-11D3-BF4B-00C04F79EFBC}") = "BUS_ORGANIZATION", "BUS_ORGANIZATION.csproj", "{E63F82A1-9624-42B9-AB4B-13454D41EF14}"
EndProject
Global
	GlobalSection(SolutionConfigurationPlatforms) = preSolution
		Debug|Any CPU = Debug|Any CPU
		Release|Any CPU = Release|Any CPU
	EndGlobalSection
	GlobalSection(ProjectConfigurationPlatforms) = postSolution
		{E63F82A1-9624-42B9-AB4B-13454D41EF14}.Debug|Any CPU.ActiveCfg = Debug|Any CPU
		{E63F82A1-9624-42B9-AB4B-13454D41EF14}.Debug|Any CPU.Build.0 = Debug|Any CPU
		{E63F82A1-9624-42B9-AB4B-13454D41EF14}.Release|Any CPU.ActiveCfg = Release|Any CPU
		{E63F82A1-9624-42B9-AB4B-13454D41EF14}.Release|Any CPU.Build.0 = Release|Any CPU
	EndGlobalSection
	GlobalSection(SolutionProperties) = preSolution
		HideSolutionNode = FALSE
	EndGlobalSection
	GlobalSection(ExtensibilityGlobals) = postSolution
		SolutionGuid = {17A227B4-2D7D-4F67-B006-FEE840C219D9}
	EndGlobalSection
EndGlobal
